// !$*UTF8*$!
{
	archiveVersion = 1;
	classes = {
	};
	objectVersion = 77;
	objects = {

/* Begin PBXGroup section */
		DCBB27492DFAB1CE0005FE27 = {
			isa = PBXGroup;
			children = (
			);
			sourceTree = "<group>";
		};
/* End PBXGroup section */

/* Begin PBXProject section */
		DCBB274A2DFAB1CE0005FE27 /* Project object */ = {
			isa = PBXProject;
			attributes = {
				BuildIndependentTargetsInParallel = 1;
				LastUpgradeCheck = 1630;
			};
			buildConfigurationList = DCBB274D2DFAB1CE0005FE27 /* Build configuration list for PBXProject "Layout" */;
			developmentRegion = en;
			hasScannedForEncodings = 0;
			knownRegions = (
				en,
				Base,
			);
			mainGroup = DCBB27492DFAB1CE0005FE27;
			minimizedProjectReferenceProxies = 1;
			preferredProjectObjectVersion = 77;
			projectDirPath = "";
			projectRoot = "";
			targets = (
			);
		};
/* End PBXProject section */

/* Begin XCBuildConfiguration section */
		DCBB274E2DFAB1CE0005FE27 /* Debug */ = {
			isa = XCBuildConfiguration;
			buildSettings = {
				DEVELOPMENT_TEAM = 7JA353ZJMP;
			};
			name = Debug;
		};
		DCBB274F2DFAB1CE0005FE27 /* Release */ = {
			isa = XCBuildConfiguration;
			buildSettings = {
				DEVELOPMENT_TEAM = 7JA353ZJMP;
			};
			name = Release;
		};
/* End XCBuildConfiguration section */

/* Begin XCConfigurationList section */
		DCBB274D2DFAB1CE0005FE27 /* Build configuration list for PBXProject "Layout" */ = {
			isa = XCConfigurationList;
			buildConfigurations = (
				DCBB274E2DFAB1CE0005FE27 /* Debug */,
				DCBB274F2DFAB1CE0005FE27 /* Release */,
			);
			defaultConfigurationIsVisible = 0;
			defaultConfigurationName = Release;
		};
/* End XCConfigurationList section */
	};
	rootObject = DCBB274A2DFAB1CE0005FE27 /* Project object */;
}
